
Microsoft Visual Studio Solution File, Format Version 12.00
# Visual Studio Version 16
VisualStudioVersion = 16.0.29424.173
MinimumVisualStudioVersion = 10.0.40219.1
Project("{FAE04EC0-301F-11D3-BF4B-00C04F79EFBC}") = "HalloFehler", "HalloFehler\HalloFehler.csproj", "{7792FEC0-698E-48A1-AD43-7A28DDCD4BF3}"
EndProject
Global
	GlobalSection(SolutionConfigurationPlatforms) = preSolution
		Debug|Any CPU = Debug|Any CPU
		Release|Any CPU = Release|Any CPU
	EndGlobalSection
	GlobalSection(ProjectConfigurationPlatforms) = postSolution
		{7792FEC0-698E-48A1-AD43-7A28DDCD4BF3}.Debug|Any CPU.ActiveCfg = Debug|Any CPU
		{7792FEC0-698E-48A1-AD43-7A28DDCD4BF3}.Debug|Any CPU.Build.0 = Debug|Any CPU
		{7792FEC0-698E-48A1-AD43-7A28DDCD4BF3}.Release|Any CPU.ActiveCfg = Release|Any CPU
		{7792FEC0-698E-48A1-AD43-7A28DDCD4BF3}.Release|Any CPU.Build.0 = Release|Any CPU
	EndGlobalSection
	GlobalSection(SolutionProperties) = preSolution
		HideSolutionNode = FALSE
	EndGlobalSection
	GlobalSection(ExtensibilityGlobals) = postSolution
		SolutionGuid = {0C960959-5F52-4262-9F43-9B5F8304FC07}
	EndGlobalSection
EndGlobal
