
Microsoft Visual Studio Solution File, Format Version 12.00
# Visual Studio Version 16
VisualStudioVersion = 16.0.29424.173
MinimumVisualStudioVersion = 10.0.40219.1
Project("{FAE04EC0-301F-11D3-BF4B-00C04F79EFBC}") = "HalloEntityFramework", "HalloEntityFramework\HalloEntityFramework.csproj", "{ADC115F8-7C90-44CC-A7B5-25687B233E5B}"
EndProject
Global
	GlobalSection(SolutionConfigurationPlatforms) = preSolution
		Debug|Any CPU = Debug|Any CPU
		Release|Any CPU = Release|Any CPU
	EndGlobalSection
	GlobalSection(ProjectConfigurationPlatforms) = postSolution
		{ADC115F8-7C90-44CC-A7B5-25687B233E5B}.Debug|Any CPU.ActiveCfg = Debug|Any CPU
		{ADC115F8-7C90-44CC-A7B5-25687B233E5B}.Debug|Any CPU.Build.0 = Debug|Any CPU
		{ADC115F8-7C90-44CC-A7B5-25687B233E5B}.Release|Any CPU.ActiveCfg = Release|Any CPU
		{ADC115F8-7C90-44CC-A7B5-25687B233E5B}.Release|Any CPU.Build.0 = Release|Any CPU
	EndGlobalSection
	GlobalSection(SolutionProperties) = preSolution
		HideSolutionNode = FALSE
	EndGlobalSection
	GlobalSection(ExtensibilityGlobals) = postSolution
		SolutionGuid = {177D09F7-D027-4FBE-B042-8041C477B516}
	EndGlobalSection
EndGlobal
